// !$*UTF8*$!
{
	archiveVersion = 1;
	classes = {
	};
	objectVersion = 56;
	objects = {

/* Begin PBXBuildFile section */
		05A9B13D2B69F1D7002BE376 /* UILabelExtension.swift in Sources */ = {isa = PBXBuildFile; fileRef = 05A9B13C2B69F1D7002BE376 /* UILabelExtension.swift */; };
		05B886B02B6B220F00620199 /* LobbyViewController.swift in Sources */ = {isa = PBXBuildFile; fileRef = 05B886AF2B6B220F00620199 /* LobbyViewController.swift */; };
		05B886B42B6B272700620199 /* LobbyFunctionCollectionViewCell.swift in Sources */ = {isa = PBXBuildFile; fileRef = 05B886B32B6B272700620199 /* LobbyFunctionCollectionViewCell.swift */; };
		05B886B62B6B28FD00620199 /* UICollectionViewExtension.swift in Sources */ = {isa = PBXBuildFile; fileRef = 05B886B52B6B28FD00620199 /* UICollectionViewExtension.swift */; };
		05B886B92B6B3D4600620199 /* EnterCheckViewController.swift in Sources */ = {isa = PBXBuildFile; fileRef = 05B886B82B6B3D4600620199 /* EnterCheckViewController.swift */; };
		05B886BC2B6B403700620199 /* InputInfoTableViewCell.swift in Sources */ = {isa = PBXBuildFile; fileRef = 05B886BB2B6B403700620199 /* InputInfoTableViewCell.swift */; };
		05ED601D2B634D57006A53F0 /* AppDelegate.swift in Sources */ = {isa = PBXBuildFile; fileRef = 05ED601C2B634D57006A53F0 /* AppDelegate.swift */; };
		05ED601F2B634D57006A53F0 /* SceneDelegate.swift in Sources */ = {isa = PBXBuildFile; fileRef = 05ED601E2B634D57006A53F0 /* SceneDelegate.swift */; };
		05ED60212B634D57006A53F0 /* BattleFieldViewController.swift in Sources */ = {isa = PBXBuildFile; fileRef = 05ED60202B634D57006A53F0 /* BattleFieldViewController.swift */; };
		05ED60242B634D57006A53F0 /* Main.storyboard in Resources */ = {isa = PBXBuildFile; fileRef = 05ED60222B634D57006A53F0 /* Main.storyboard */; };
		05ED60262B634D58006A53F0 /* Assets.xcassets in Resources */ = {isa = PBXBuildFile; fileRef = 05ED60252B634D58006A53F0 /* Assets.xcassets */; };
		05ED60292B634D58006A53F0 /* LaunchScreen.storyboard in Resources */ = {isa = PBXBuildFile; fileRef = 05ED60272B634D58006A53F0 /* LaunchScreen.storyboard */; };
		05ED60322B68CFFE006A53F0 /* GameInfo.xcdatamodeld in Sources */ = {isa = PBXBuildFile; fileRef = 05ED60302B68CFFE006A53F0 /* GameInfo.xcdatamodeld */; };
		05ED603C2B68D23C006A53F0 /* GameService.swift in Sources */ = {isa = PBXBuildFile; fileRef = 05ED603B2B68D23C006A53F0 /* GameService.swift */; };
		05ED60422B68DB7E006A53F0 /* BattlefieldInfoTableViewCell.swift in Sources */ = {isa = PBXBuildFile; fileRef = 05ED60412B68DB7E006A53F0 /* BattlefieldInfoTableViewCell.swift */; };
		05ED60442B68DBCE006A53F0 /* UITableViewExtension.swift in Sources */ = {isa = PBXBuildFile; fileRef = 05ED60432B68DBCE006A53F0 /* UITableViewExtension.swift */; };
/* End PBXBuildFile section */

/* Begin PBXFileReference section */
		05A9B13C2B69F1D7002BE376 /* UILabelExtension.swift */ = {isa = PBXFileReference; lastKnownFileType = sourcecode.swift; path = UILabelExtension.swift; sourceTree = "<group>"; };
		05B886AF2B6B220F00620199 /* LobbyViewController.swift */ = {isa = PBXFileReference; lastKnownFileType = sourcecode.swift; path = LobbyViewController.swift; sourceTree = "<group>"; };
		05B886B32B6B272700620199 /* LobbyFunctionCollectionViewCell.swift */ = {isa = PBXFileReference; lastKnownFileType = sourcecode.swift; path = LobbyFunctionCollectionViewCell.swift; sourceTree = "<group>"; };
		05B886B52B6B28FD00620199 /* UICollectionViewExtension.swift */ = {isa = PBXFileReference; lastKnownFileType = sourcecode.swift; path = UICollectionViewExtension.swift; sourceTree = "<group>"; };
		05B886B82B6B3D4600620199 /* EnterCheckViewController.swift */ = {isa = PBXFileReference; lastKnownFileType = sourcecode.swift; path = EnterCheckViewController.swift; sourceTree = "<group>"; };
		05B886BB2B6B403700620199 /* InputInfoTableViewCell.swift */ = {isa = PBXFileReference; lastKnownFileType = sourcecode.swift; path = InputInfoTableViewCell.swift; sourceTree = "<group>"; };
		05ED60192B634D57006A53F0 /* MapleStoryManager.app */ = {isa = PBXFileReference; explicitFileType = wrapper.application; includeInIndex = 0; path = MapleStoryManager.app; sourceTree = BUILT_PRODUCTS_DIR; };
		05ED601C2B634D57006A53F0 /* AppDelegate.swift */ = {isa = PBXFileReference; lastKnownFileType = sourcecode.swift; path = AppDelegate.swift; sourceTree = "<group>"; };
		05ED601E2B634D57006A53F0 /* SceneDelegate.swift */ = {isa = PBXFileReference; lastKnownFileType = sourcecode.swift; path = SceneDelegate.swift; sourceTree = "<group>"; };
		05ED60202B634D57006A53F0 /* BattleFieldViewController.swift */ = {isa = PBXFileReference; lastKnownFileType = sourcecode.swift; path = BattleFieldViewController.swift; sourceTree = "<group>"; };
		05ED60232B634D57006A53F0 /* Base */ = {isa = PBXFileReference; lastKnownFileType = file.storyboard; name = Base; path = Base.lproj/Main.storyboard; sourceTree = "<group>"; };
		05ED60252B634D58006A53F0 /* Assets.xcassets */ = {isa = PBXFileReference; lastKnownFileType = folder.assetcatalog; path = Assets.xcassets; sourceTree = "<group>"; };
		05ED60282B634D58006A53F0 /* Base */ = {isa = PBXFileReference; lastKnownFileType = file.storyboard; name = Base; path = Base.lproj/LaunchScreen.storyboard; sourceTree = "<group>"; };
		05ED602A2B634D58006A53F0 /* Info.plist */ = {isa = PBXFileReference; lastKnownFileType = text.plist.xml; path = Info.plist; sourceTree = "<group>"; };
		05ED60312B68CFFE006A53F0 /* Characters.xcdatamodel */ = {isa = PBXFileReference; lastKnownFileType = wrapper.xcdatamodel; path = Characters.xcdatamodel; sourceTree = "<group>"; };
		05ED603B2B68D23C006A53F0 /* GameService.swift */ = {isa = PBXFileReference; lastKnownFileType = sourcecode.swift; path = GameService.swift; sourceTree = "<group>"; };
		05ED60412B68DB7E006A53F0 /* BattlefieldInfoTableViewCell.swift */ = {isa = PBXFileReference; lastKnownFileType = sourcecode.swift; path = BattlefieldInfoTableViewCell.swift; sourceTree = "<group>"; };
		05ED60432B68DBCE006A53F0 /* UITableViewExtension.swift */ = {isa = PBXFileReference; lastKnownFileType = sourcecode.swift; path = UITableViewExtension.swift; sourceTree = "<group>"; };
/* End PBXFileReference section */

/* Begin PBXFrameworksBuildPhase section */
		05ED60162B634D57006A53F0 /* Frameworks */ = {
			isa = PBXFrameworksBuildPhase;
			buildActionMask = 2147483647;
			files = (
			);
			runOnlyForDeploymentPostprocessing = 0;
		};
/* End PBXFrameworksBuildPhase section */

/* Begin PBXGroup section */
		05A9B1382B69E717002BE376 /* Battlefield */ = {
			isa = PBXGroup;
			children = (
				05A9B13A2B69E743002BE376 /* ViewModel */,
				05A9B1392B69E729002BE376 /* View */,
				05ED60202B634D57006A53F0 /* BattleFieldViewController.swift */,
			);
			path = Battlefield;
			sourceTree = "<group>";
		};
		05A9B1392B69E729002BE376 /* View */ = {
			isa = PBXGroup;
			children = (
				05ED60412B68DB7E006A53F0 /* BattlefieldInfoTableViewCell.swift */,
			);
			path = View;
			sourceTree = "<group>";
		};
		05A9B13A2B69E743002BE376 /* ViewModel */ = {
			isa = PBXGroup;
			children = (
			);
			path = ViewModel;
			sourceTree = "<group>";
		};
		05A9B13B2B69E753002BE376 /* Extension */ = {
			isa = PBXGroup;
			children = (
				05ED60432B68DBCE006A53F0 /* UITableViewExtension.swift */,
				05A9B13C2B69F1D7002BE376 /* UILabelExtension.swift */,
				05B886B52B6B28FD00620199 /* UICollectionViewExtension.swift */,
			);
			path = Extension;
			sourceTree = "<group>";
		};
		05B886B12B6B26FA00620199 /* Lobby */ = {
			isa = PBXGroup;
			children = (
				05B886B22B6B270D00620199 /* View */,
				05B886AF2B6B220F00620199 /* LobbyViewController.swift */,
			);
			path = Lobby;
			sourceTree = "<group>";
		};
		05B886B22B6B270D00620199 /* View */ = {
			isa = PBXGroup;
			children = (
				05B886B32B6B272700620199 /* LobbyFunctionCollectionViewCell.swift */,
			);
			path = View;
			sourceTree = "<group>";
		};
		05B886B72B6B3CC800620199 /* EnterCheck */ = {
			isa = PBXGroup;
			children = (
				05B886BA2B6B3EC200620199 /* View */,
				05B886B82B6B3D4600620199 /* EnterCheckViewController.swift */,
			);
			path = EnterCheck;
			sourceTree = "<group>";
		};
		05B886BA2B6B3EC200620199 /* View */ = {
			isa = PBXGroup;
			children = (
				05B886BB2B6B403700620199 /* InputInfoTableViewCell.swift */,
			);
			path = View;
			sourceTree = "<group>";
		};
		05ED60102B634D57006A53F0 = {
			isa = PBXGroup;
			children = (
				05ED601B2B634D57006A53F0 /* MapleStoryManager */,
				05ED601A2B634D57006A53F0 /* Products */,
			);
			sourceTree = "<group>";
		};
		05ED601A2B634D57006A53F0 /* Products */ = {
			isa = PBXGroup;
			children = (
				05ED60192B634D57006A53F0 /* MapleStoryManager.app */,
			);
			name = Products;
			sourceTree = "<group>";
		};
		05ED601B2B634D57006A53F0 /* MapleStoryManager */ = {
			isa = PBXGroup;
			children = (
				05A9B13B2B69E753002BE376 /* Extension */,
				05B886B12B6B26FA00620199 /* Lobby */,
				05A9B1382B69E717002BE376 /* Battlefield */,
				05B886B72B6B3CC800620199 /* EnterCheck */,
				05ED601C2B634D57006A53F0 /* AppDelegate.swift */,
				05ED601E2B634D57006A53F0 /* SceneDelegate.swift */,
				05ED60222B634D57006A53F0 /* Main.storyboard */,
				05ED60252B634D58006A53F0 /* Assets.xcassets */,
				05ED60272B634D58006A53F0 /* LaunchScreen.storyboard */,
				05ED602A2B634D58006A53F0 /* Info.plist */,
				05ED60302B68CFFE006A53F0 /* GameInfo.xcdatamodeld */,
				05ED603B2B68D23C006A53F0 /* GameService.swift */,
			);
			path = MapleStoryManager;
			sourceTree = "<group>";
		};
/* End PBXGroup section */

/* Begin PBXNativeTarget section */
		05ED60182B634D57006A53F0 /* MapleStoryManager */ = {
			isa = PBXNativeTarget;
			buildConfigurationList = 05ED602D2B634D58006A53F0 /* Build configuration list for PBXNativeTarget "MapleStoryManager" */;
			buildPhases = (
				05ED60152B634D57006A53F0 /* Sources */,
				05ED60162B634D57006A53F0 /* Frameworks */,
				05ED60172B634D57006A53F0 /* Resources */,
			);
			buildRules = (
			);
			dependencies = (
			);
			name = MapleStoryManager;
			productName = MapleStoryManager;
			productReference = 05ED60192B634D57006A53F0 /* MapleStoryManager.app */;
			productType = "com.apple.product-type.application";
		};
/* End PBXNativeTarget section */

/* Begin PBXProject section */
		05ED60112B634D57006A53F0 /* Project object */ = {
			isa = PBXProject;
			attributes = {
				BuildIndependentTargetsInParallel = 1;
				LastSwiftUpdateCheck = 1410;
				LastUpgradeCheck = 1410;
				TargetAttributes = {
					05ED60182B634D57006A53F0 = {
						CreatedOnToolsVersion = 14.1;
					};
				};
			};
			buildConfigurationList = 05ED60142B634D57006A53F0 /* Build configuration list for PBXProject "MapleStoryManager" */;
			compatibilityVersion = "Xcode 14.0";
			developmentRegion = en;
			hasScannedForEncodings = 0;
			knownRegions = (
				en,
				Base,
			);
			mainGroup = 05ED60102B634D57006A53F0;
			productRefGroup = 05ED601A2B634D57006A53F0 /* Products */;
			projectDirPath = "";
			projectRoot = "";
			targets = (
				05ED60182B634D57006A53F0 /* MapleStoryManager */,
			);
		};
/* End PBXProject section */

/* Begin PBXResourcesBuildPhase section */
		05ED60172B634D57006A53F0 /* Resources */ = {
			isa = PBXResourcesBuildPhase;
			buildActionMask = 2147483647;
			files = (
				05ED60292B634D58006A53F0 /* LaunchScreen.storyboard in Resources */,
				05ED60262B634D58006A53F0 /* Assets.xcassets in Resources */,
				05ED60242B634D57006A53F0 /* Main.storyboard in Resources */,
			);
			runOnlyForDeploymentPostprocessing = 0;
		};
/* End PBXResourcesBuildPhase section */

/* Begin PBXSourcesBuildPhase section */
		05ED60152B634D57006A53F0 /* Sources */ = {
			isa = PBXSourcesBuildPhase;
			buildActionMask = 2147483647;
			files = (
				05B886B92B6B3D4600620199 /* EnterCheckViewController.swift in Sources */,
				05B886BC2B6B403700620199 /* InputInfoTableViewCell.swift in Sources */,
				05B886B62B6B28FD00620199 /* UICollectionViewExtension.swift in Sources */,
				05ED60212B634D57006A53F0 /* BattleFieldViewController.swift in Sources */,
				05B886B42B6B272700620199 /* LobbyFunctionCollectionViewCell.swift in Sources */,
				05ED603C2B68D23C006A53F0 /* GameService.swift in Sources */,
				05ED60422B68DB7E006A53F0 /* BattlefieldInfoTableViewCell.swift in Sources */,
				05ED601D2B634D57006A53F0 /* AppDelegate.swift in Sources */,
				05A9B13D2B69F1D7002BE376 /* UILabelExtension.swift in Sources */,
				05ED601F2B634D57006A53F0 /* SceneDelegate.swift in Sources */,
				05B886B02B6B220F00620199 /* LobbyViewController.swift in Sources */,
				05ED60322B68CFFE006A53F0 /* GameInfo.xcdatamodeld in Sources */,
				05ED60442B68DBCE006A53F0 /* UITableViewExtension.swift in Sources */,
			);
			runOnlyForDeploymentPostprocessing = 0;
		};
/* End PBXSourcesBuildPhase section */

/* Begin PBXVariantGroup section */
		05ED60222B634D57006A53F0 /* Main.storyboard */ = {
			isa = PBXVariantGroup;
			children = (
				05ED60232B634D57006A53F0 /* Base */,
			);
			name = Main.storyboard;
			sourceTree = "<group>";
		};
		05ED60272B634D58006A53F0 /* LaunchScreen.storyboard */ = {
			isa = PBXVariantGroup;
			children = (
				05ED60282B634D58006A53F0 /* Base */,
			);
			name = LaunchScreen.storyboard;
			sourceTree = "<group>";
		};
/* End PBXVariantGroup section */

/* Begin XCBuildConfiguration section */
		05ED602B2B634D58006A53F0 /* Debug */ = {
			isa = XCBuildConfiguration;
			buildSettings = {
				ALWAYS_SEARCH_USER_PATHS = NO;
				CLANG_ANALYZER_NONNULL = YES;
				CLANG_ANALYZER_NUMBER_OBJECT_CONVERSION = YES_AGGRESSIVE;
				CLANG_CXX_LANGUAGE_STANDARD = "gnu++20";
				CLANG_ENABLE_MODULES = YES;
				CLANG_ENABLE_OBJC_ARC = YES;
				CLANG_ENABLE_OBJC_WEAK = YES;
				CLANG_WARN_BLOCK_CAPTURE_AUTORELEASING = YES;
				CLANG_WARN_BOOL_CONVERSION = YES;
				CLANG_WARN_COMMA = YES;
				CLANG_WARN_CONSTANT_CONVERSION = YES;
				CLANG_WARN_DEPRECATED_OBJC_IMPLEMENTATIONS = YES;
				CLANG_WARN_DIRECT_OBJC_ISA_USAGE = YES_ERROR;
				CLANG_WARN_DOCUMENTATION_COMMENTS = YES;
				CLANG_WARN_EMPTY_BODY = YES;
				CLANG_WARN_ENUM_CONVERSION = YES;
				CLANG_WARN_INFINITE_RECURSION = YES;
				CLANG_WARN_INT_CONVERSION = YES;
				CLANG_WARN_NON_LITERAL_NULL_CONVERSION = YES;
				CLANG_WARN_OBJC_IMPLICIT_RETAIN_SELF = YES;
				CLANG_WARN_OBJC_LITERAL_CONVERSION = YES;
				CLANG_WARN_OBJC_ROOT_CLASS = YES_ERROR;
				CLANG_WARN_QUOTED_INCLUDE_IN_FRAMEWORK_HEADER = YES;
				CLANG_WARN_RANGE_LOOP_ANALYSIS = YES;
				CLANG_WARN_STRICT_PROTOTYPES = YES;
				CLANG_WARN_SUSPICIOUS_MOVE = YES;
				CLANG_WARN_UNGUARDED_AVAILABILITY = YES_AGGRESSIVE;
				CLANG_WARN_UNREACHABLE_CODE = YES;
				CLANG_WARN__DUPLICATE_METHOD_MATCH = YES;
				COPY_PHASE_STRIP = NO;
				DEBUG_INFORMATION_FORMAT = dwarf;
				ENABLE_STRICT_OBJC_MSGSEND = YES;
				ENABLE_TESTABILITY = YES;
				GCC_C_LANGUAGE_STANDARD = gnu11;
				GCC_DYNAMIC_NO_PIC = NO;
				GCC_NO_COMMON_BLOCKS = YES;
				GCC_OPTIMIZATION_LEVEL = 0;
				GCC_PREPROCESSOR_DEFINITIONS = (
					"DEBUG=1",
					"$(inherited)",
				);
				GCC_WARN_64_TO_32_BIT_CONVERSION = YES;
				GCC_WARN_ABOUT_RETURN_TYPE = YES_ERROR;
				GCC_WARN_UNDECLARED_SELECTOR = YES;
				GCC_WARN_UNINITIALIZED_AUTOS = YES_AGGRESSIVE;
				GCC_WARN_UNUSED_FUNCTION = YES;
				GCC_WARN_UNUSED_VARIABLE = YES;
				IPHONEOS_DEPLOYMENT_TARGET = 16.1;
				MTL_ENABLE_DEBUG_INFO = INCLUDE_SOURCE;
				MTL_FAST_MATH = YES;
				ONLY_ACTIVE_ARCH = YES;
				SDKROOT = iphoneos;
				SWIFT_ACTIVE_COMPILATION_CONDITIONS = DEBUG;
				SWIFT_OPTIMIZATION_LEVEL = "-Onone";
			};
			name = Debug;
		};
		05ED602C2B634D58006A53F0 /* Release */ = {
			isa = XCBuildConfiguration;
			buildSettings = {
				ALWAYS_SEARCH_USER_PATHS = NO;
				CLANG_ANALYZER_NONNULL = YES;
				CLANG_ANALYZER_NUMBER_OBJECT_CONVERSION = YES_AGGRESSIVE;
				CLANG_CXX_LANGUAGE_STANDARD = "gnu++20";
				CLANG_ENABLE_MODULES = YES;
				CLANG_ENABLE_OBJC_ARC = YES;
				CLANG_ENABLE_OBJC_WEAK = YES;
				CLANG_WARN_BLOCK_CAPTURE_AUTORELEASING = YES;
				CLANG_WARN_BOOL_CONVERSION = YES;
				CLANG_WARN_COMMA = YES;
				CLANG_WARN_CONSTANT_CONVERSION = YES;
				CLANG_WARN_DEPRECATED_OBJC_IMPLEMENTATIONS = YES;
				CLANG_WARN_DIRECT_OBJC_ISA_USAGE = YES_ERROR;
				CLANG_WARN_DOCUMENTATION_COMMENTS = YES;
				CLANG_WARN_EMPTY_BODY = YES;
				CLANG_WARN_ENUM_CONVERSION = YES;
				CLANG_WARN_INFINITE_RECURSION = YES;
				CLANG_WARN_INT_CONVERSION = YES;
				CLANG_WARN_NON_LITERAL_NULL_CONVERSION = YES;
				CLANG_WARN_OBJC_IMPLICIT_RETAIN_SELF = YES;
				CLANG_WARN_OBJC_LITERAL_CONVERSION = YES;
				CLANG_WARN_OBJC_ROOT_CLASS = YES_ERROR;
				CLANG_WARN_QUOTED_INCLUDE_IN_FRAMEWORK_HEADER = YES;
				CLANG_WARN_RANGE_LOOP_ANALYSIS = YES;
				CLANG_WARN_STRICT_PROTOTYPES = YES;
				CLANG_WARN_SUSPICIOUS_MOVE = YES;
				CLANG_WARN_UNGUARDED_AVAILABILITY = YES_AGGRESSIVE;
				CLANG_WARN_UNREACHABLE_CODE = YES;
				CLANG_WARN__DUPLICATE_METHOD_MATCH = YES;
				COPY_PHASE_STRIP = NO;
				DEBUG_INFORMATION_FORMAT = "dwarf-with-dsym";
				ENABLE_NS_ASSERTIONS = NO;
				ENABLE_STRICT_OBJC_MSGSEND = YES;
				GCC_C_LANGUAGE_STANDARD = gnu11;
				GCC_NO_COMMON_BLOCKS = YES;
				GCC_WARN_64_TO_32_BIT_CONVERSION = YES;
				GCC_WARN_ABOUT_RETURN_TYPE = YES_ERROR;
				GCC_WARN_UNDECLARED_SELECTOR = YES;
				GCC_WARN_UNINITIALIZED_AUTOS = YES_AGGRESSIVE;
				GCC_WARN_UNUSED_FUNCTION = YES;
				GCC_WARN_UNUSED_VARIABLE = YES;
				IPHONEOS_DEPLOYMENT_TARGET = 16.1;
				MTL_ENABLE_DEBUG_INFO = NO;
				MTL_FAST_MATH = YES;
				SDKROOT = iphoneos;
				SWIFT_COMPILATION_MODE = wholemodule;
				SWIFT_OPTIMIZATION_LEVEL = "-O";
				VALIDATE_PRODUCT = YES;
			};
			name = Release;
		};
		05ED602E2B634D58006A53F0 /* Debug */ = {
			isa = XCBuildConfiguration;
			buildSettings = {
				ASSETCATALOG_COMPILER_APPICON_NAME = AppIcon;
				ASSETCATALOG_COMPILER_GLOBAL_ACCENT_COLOR_NAME = AccentColor;
				CODE_SIGN_STYLE = Automatic;
				CURRENT_PROJECT_VERSION = 1;
				DEVELOPMENT_TEAM = Z64LB69QMK;
				GENERATE_INFOPLIST_FILE = YES;
				INFOPLIST_FILE = MapleStoryManager/Info.plist;
				INFOPLIST_KEY_UIApplicationSupportsIndirectInputEvents = YES;
				INFOPLIST_KEY_UILaunchStoryboardName = LaunchScreen;
				INFOPLIST_KEY_UIMainStoryboardFile = Main;
				INFOPLIST_KEY_UISupportedInterfaceOrientations_iPad = "UIInterfaceOrientationPortrait UIInterfaceOrientationPortraitUpsideDown UIInterfaceOrientationLandscapeLeft UIInterfaceOrientationLandscapeRight";
				INFOPLIST_KEY_UISupportedInterfaceOrientations_iPhone = "UIInterfaceOrientationPortrait UIInterfaceOrientationLandscapeLeft UIInterfaceOrientationLandscapeRight";
				IPHONEOS_DEPLOYMENT_TARGET = 13.0;
				LD_RUNPATH_SEARCH_PATHS = (
					"$(inherited)",
					"@executable_path/Frameworks",
				);
				MARKETING_VERSION = 1.0;
				PRODUCT_BUNDLE_IDENTIFIER = com.LinZheHao.MapleStoryManager;
				PRODUCT_NAME = "$(TARGET_NAME)";
				SWIFT_EMIT_LOC_STRINGS = YES;
				SWIFT_VERSION = 5.0;
				TARGETED_DEVICE_FAMILY = "1,2";
			};
			name = Debug;
		};
		05ED602F2B634D58006A53F0 /* Release */ = {
			isa = XCBuildConfiguration;
			buildSettings = {
				ASSETCATALOG_COMPILER_APPICON_NAME = AppIcon;
				ASSETCATALOG_COMPILER_GLOBAL_ACCENT_COLOR_NAME = AccentColor;
				CODE_SIGN_STYLE = Automatic;
				CURRENT_PROJECT_VERSION = 1;
				DEVELOPMENT_TEAM = Z64LB69QMK;
				GENERATE_INFOPLIST_FILE = YES;
				INFOPLIST_FILE = MapleStoryManager/Info.plist;
				INFOPLIST_KEY_UIApplicationSupportsIndirectInputEvents = YES;
				INFOPLIST_KEY_UILaunchStoryboardName = LaunchScreen;
				INFOPLIST_KEY_UIMainStoryboardFile = Main;
				INFOPLIST_KEY_UISupportedInterfaceOrientations_iPad = "UIInterfaceOrientationPortrait UIInterfaceOrientationPortraitUpsideDown UIInterfaceOrientationLandscapeLeft UIInterfaceOrientationLandscapeRight";
				INFOPLIST_KEY_UISupportedInterfaceOrientations_iPhone = "UIInterfaceOrientationPortrait UIInterfaceOrientationLandscapeLeft UIInterfaceOrientationLandscapeRight";
				IPHONEOS_DEPLOYMENT_TARGET = 13.0;
				LD_RUNPATH_SEARCH_PATHS = (
					"$(inherited)",
					"@executable_path/Frameworks",
				);
				MARKETING_VERSION = 1.0;
				PRODUCT_BUNDLE_IDENTIFIER = com.LinZheHao.MapleStoryManager;
				PRODUCT_NAME = "$(TARGET_NAME)";
				SWIFT_EMIT_LOC_STRINGS = YES;
				SWIFT_VERSION = 5.0;
				TARGETED_DEVICE_FAMILY = "1,2";
			};
			name = Release;
		};
/* End XCBuildConfiguration section */

/* Begin XCConfigurationList section */
		05ED60142B634D57006A53F0 /* Build configuration list for PBXProject "MapleStoryManager" */ = {
			isa = XCConfigurationList;
			buildConfigurations = (
				05ED602B2B634D58006A53F0 /* Debug */,
				05ED602C2B634D58006A53F0 /* Release */,
			);
			defaultConfigurationIsVisible = 0;
			defaultConfigurationName = Release;
		};
		05ED602D2B634D58006A53F0 /* Build configuration list for PBXNativeTarget "MapleStoryManager" */ = {
			isa = XCConfigurationList;
			buildConfigurations = (
				05ED602E2B634D58006A53F0 /* Debug */,
				05ED602F2B634D58006A53F0 /* Release */,
			);
			defaultConfigurationIsVisible = 0;
			defaultConfigurationName = Release;
		};
/* End XCConfigurationList section */

/* Begin XCVersionGroup section */
		05ED60302B68CFFE006A53F0 /* GameInfo.xcdatamodeld */ = {
			isa = XCVersionGroup;
			children = (
				05ED60312B68CFFE006A53F0 /* Characters.xcdatamodel */,
			);
			currentVersion = 05ED60312B68CFFE006A53F0 /* Characters.xcdatamodel */;
			path = GameInfo.xcdatamodeld;
			sourceTree = "<group>";
			versionGroupType = wrapper.xcdatamodel;
		};
/* End XCVersionGroup section */
	};
	rootObject = 05ED60112B634D57006A53F0 /* Project object */;
}
